Microsoft Visual Studio Solution File, Format Version 12.00
# Visual Studio 14
VisualStudioVersion = 14.0.25420.1
MinimumVisualStudioVersion = 10.0.40219.1
Project("{FAE04EC0-301F-11D3-BF4B-00C04F79EFBC}") = "CSWCFReverseAJAX", "CSWCFReverseAJAX\CSWCFReverseAJAX.csproj", "{55A682E7-8BBF-44D1-B407-211A949F8EDD}"
EndProject
Project("{2150E333-8FDC-42A3-9474-1A3956D46DE8}") = "Solution Items", "Solution Items", "{D06A4249-BC4E-40EC-B509-1BAB4A07DF47}"
	ProjectSection(SolutionItems) = preProject
		..\..\..\..\APPDATA\LOCAL\MICROSOFT\VISUALSTUDIO\14.0\EXTENSIONS\ZK2AU0UN.HS5\description.html = ..\..\..\..\APPDATA\LOCAL\MICROSOFT\VISUALSTUDIO\14.0\EXTENSIONS\ZK2AU0UN.HS5\description.html
	EndProjectSection
EndProject
Global
	GlobalSection(SolutionConfigurationPlatforms) = preSolution
		Debug|Any CPU = Debug|Any CPU
		Release|Any CPU = Release|Any CPU
	EndGlobalSection
	GlobalSection(ProjectConfigurationPlatforms) = postSolution
		{55A682E7-8BBF-44D1-B407-211A949F8EDD}.Debug|Any CPU.ActiveCfg = Debug|Any CPU
		{55A682E7-8BBF-44D1-B407-211A949F8EDD}.Debug|Any CPU.Build.0 = Debug|Any CPU
		{55A682E7-8BBF-44D1-B407-211A949F8EDD}.Release|Any CPU.ActiveCfg = Release|Any CPU
		{55A682E7-8BBF-44D1-B407-211A949F8EDD}.Release|Any CPU.Build.0 = Release|Any CPU
	EndGlobalSection
	GlobalSection(SolutionProperties) = preSolution
		HideSolutionNode = FALSE
	EndGlobalSection
EndGlobal
